
Microsoft Visual Studio Solution File, Format Version 12.00
# Visual Studio Version 17
VisualStudioVersion = 17.1.32328.378
MinimumVisualStudioVersion = 10.0.40219.1
Project("{FAE04EC0-301F-11D3-BF4B-00C04F79EFBC}") = "SocetTest", "SocetTest\SocetTest.csproj", "{48058424-3FDF-4329-9993-F868D64D7AED}"
EndProject
Project("{FAE04EC0-301F-11D3-BF4B-00C04F79EFBC}") = "SocecetClient", "SocecetClient\SocecetClient.csproj", "{47ADC8AE-5A5D-4601-9820-26DF3E6C20DE}"
EndProject
Global
	GlobalSection(SolutionConfigurationPlatforms) = preSolution
		Debug|Any CPU = Debug|Any CPU
		Release|Any CPU = Release|Any CPU
	EndGlobalSection
	GlobalSection(ProjectConfigurationPlatforms) = postSolution
		{48058424-3FDF-4329-9993-F868D64D7AED}.Debug|Any CPU.ActiveCfg = Debug|Any CPU
		{48058424-3FDF-4329-9993-F868D64D7AED}.Debug|Any CPU.Build.0 = Debug|Any CPU
		{48058424-3FDF-4329-9993-F868D64D7AED}.Release|Any CPU.ActiveCfg = Release|Any CPU
		{48058424-3FDF-4329-9993-F868D64D7AED}.Release|Any CPU.Build.0 = Release|Any CPU
		{47ADC8AE-5A5D-4601-9820-26DF3E6C20DE}.Debug|Any CPU.ActiveCfg = Debug|Any CPU
		{47ADC8AE-5A5D-4601-9820-26DF3E6C20DE}.Debug|Any CPU.Build.0 = Debug|Any CPU
		{47ADC8AE-5A5D-4601-9820-26DF3E6C20DE}.Release|Any CPU.ActiveCfg = Release|Any CPU
		{47ADC8AE-5A5D-4601-9820-26DF3E6C20DE}.Release|Any CPU.Build.0 = Release|Any CPU
	EndGlobalSection
	GlobalSection(SolutionProperties) = preSolution
		HideSolutionNode = FALSE
	EndGlobalSection
	GlobalSection(ExtensibilityGlobals) = postSolution
		SolutionGuid = {72F9FE29-212D-4507-9D7E-AF01532644DA}
	EndGlobalSection
EndGlobal
